
Microsoft Visual Studio Solution File, Format Version 12.00
# Visual Studio Version 17
VisualStudioVersion = 17.3.32825.248
MinimumVisualStudioVersion = 10.0.40219.1
Project("{9A19103F-16F7-4668-BE54-9A1E7A4F7556}") = "Planes", "Planes\Planes.csproj", "{C6F076A1-912D-4805-A731-D474EB1AD796}"
EndProject
Project("{9A19103F-16F7-4668-BE54-9A1E7A4F7556}") = "Domain", "Domain\Domain.csproj", "{53554F0C-3F61-422C-BBDC-DA0C617CE187}"
EndProject
Project("{9A19103F-16F7-4668-BE54-9A1E7A4F7556}") = "Infraestructure", "Infraestructure\Infraestructure.csproj", "{9B1DCD09-633A-42CC-A5B6-C92324D25432}"
EndProject
Project("{9A19103F-16F7-4668-BE54-9A1E7A4F7556}") = "Aplication", "Aplication\Aplication.csproj", "{BD95E810-9CD6-4D5C-8ECE-E6DC7E773872}"
EndProject
Global
	GlobalSection(SolutionConfigurationPlatforms) = preSolution
		Debug|Any CPU = Debug|Any CPU
		Release|Any CPU = Release|Any CPU
	EndGlobalSection
	GlobalSection(ProjectConfigurationPlatforms) = postSolution
		{C6F076A1-912D-4805-A731-D474EB1AD796}.Debug|Any CPU.ActiveCfg = Debug|Any CPU
		{C6F076A1-912D-4805-A731-D474EB1AD796}.Debug|Any CPU.Build.0 = Debug|Any CPU
		{C6F076A1-912D-4805-A731-D474EB1AD796}.Release|Any CPU.ActiveCfg = Release|Any CPU
		{C6F076A1-912D-4805-A731-D474EB1AD796}.Release|Any CPU.Build.0 = Release|Any CPU
		{53554F0C-3F61-422C-BBDC-DA0C617CE187}.Debug|Any CPU.ActiveCfg = Debug|Any CPU
		{53554F0C-3F61-422C-BBDC-DA0C617CE187}.Debug|Any CPU.Build.0 = Debug|Any CPU
		{53554F0C-3F61-422C-BBDC-DA0C617CE187}.Release|Any CPU.ActiveCfg = Release|Any CPU
		{53554F0C-3F61-422C-BBDC-DA0C617CE187}.Release|Any CPU.Build.0 = Release|Any CPU
		{9B1DCD09-633A-42CC-A5B6-C92324D25432}.Debug|Any CPU.ActiveCfg = Debug|Any CPU
		{9B1DCD09-633A-42CC-A5B6-C92324D25432}.Debug|Any CPU.Build.0 = Debug|Any CPU
		{9B1DCD09-633A-42CC-A5B6-C92324D25432}.Release|Any CPU.ActiveCfg = Release|Any CPU
		{9B1DCD09-633A-42CC-A5B6-C92324D25432}.Release|Any CPU.Build.0 = Release|Any CPU
		{BD95E810-9CD6-4D5C-8ECE-E6DC7E773872}.Debug|Any CPU.ActiveCfg = Debug|Any CPU
		{BD95E810-9CD6-4D5C-8ECE-E6DC7E773872}.Debug|Any CPU.Build.0 = Debug|Any CPU
		{BD95E810-9CD6-4D5C-8ECE-E6DC7E773872}.Release|Any CPU.ActiveCfg = Release|Any CPU
		{BD95E810-9CD6-4D5C-8ECE-E6DC7E773872}.Release|Any CPU.Build.0 = Release|Any CPU
	EndGlobalSection
	GlobalSection(SolutionProperties) = preSolution
		HideSolutionNode = FALSE
	EndGlobalSection
	GlobalSection(ExtensibilityGlobals) = postSolution
		SolutionGuid = {F04A6F33-CEF4-464B-9EB5-A4EF2726BA6A}
	EndGlobalSection
EndGlobal
